
Microsoft Visual Studio Solution File, Format Version 12.00
# Visual Studio 2012
Project("{FAE04EC0-301F-11D3-BF4B-00C04F79EFBC}") = "cift_sayilari_yazdirma", "cift_sayilari_yazdirma\cift_sayilari_yazdirma.csproj", "{D668A926-8046-4D6F-ABB4-B9D40ECF0DBE}"
EndProject
Global
	GlobalSection(SolutionConfigurationPlatforms) = preSolution
		Debug|Any CPU = Debug|Any CPU
		Release|Any CPU = Release|Any CPU
	EndGlobalSection
	GlobalSection(ProjectConfigurationPlatforms) = postSolution
		{D668A926-8046-4D6F-ABB4-B9D40ECF0DBE}.Debug|Any CPU.ActiveCfg = Debug|Any CPU
		{D668A926-8046-4D6F-ABB4-B9D40ECF0DBE}.Debug|Any CPU.Build.0 = Debug|Any CPU
		{D668A926-8046-4D6F-ABB4-B9D40ECF0DBE}.Release|Any CPU.ActiveCfg = Release|Any CPU
		{D668A926-8046-4D6F-ABB4-B9D40ECF0DBE}.Release|Any CPU.Build.0 = Release|Any CPU
	EndGlobalSection
	GlobalSection(SolutionProperties) = preSolution
		HideSolutionNode = FALSE
	EndGlobalSection
EndGlobal
