
Microsoft Visual Studio Solution File, Format Version 12.00
# Visual Studio 2012
Project("{FAE04EC0-301F-11D3-BF4B-00C04F79EFBC}") = "yaziyi_tersten_yazdirma", "yaziyi_tersten_yazdirma.csproj", "{2EBD0862-6EC7-4844-8B54-F716BE664BFA}"
EndProject
Global
	GlobalSection(SolutionConfigurationPlatforms) = preSolution
		Debug|Any CPU = Debug|Any CPU
		Release|Any CPU = Release|Any CPU
	EndGlobalSection
	GlobalSection(ProjectConfigurationPlatforms) = postSolution
		{2EBD0862-6EC7-4844-8B54-F716BE664BFA}.Debug|Any CPU.ActiveCfg = Debug|Any CPU
		{2EBD0862-6EC7-4844-8B54-F716BE664BFA}.Debug|Any CPU.Build.0 = Debug|Any CPU
		{2EBD0862-6EC7-4844-8B54-F716BE664BFA}.Release|Any CPU.ActiveCfg = Release|Any CPU
		{2EBD0862-6EC7-4844-8B54-F716BE664BFA}.Release|Any CPU.Build.0 = Release|Any CPU
	EndGlobalSection
	GlobalSection(SolutionProperties) = preSolution
		HideSolutionNode = FALSE
	EndGlobalSection
EndGlobal
