
Microsoft Visual Studio Solution File, Format Version 12.00
# Visual Studio 2012
Project("{FAE04EC0-301F-11D3-BF4B-00C04F79EFBC}") = "guild_kullanimi", "guild_kullanimi.csproj", "{6609A377-B155-436E-9849-4731E34BDDB4}"
EndProject
Global
	GlobalSection(SolutionConfigurationPlatforms) = preSolution
		Debug|Any CPU = Debug|Any CPU
		Release|Any CPU = Release|Any CPU
	EndGlobalSection
	GlobalSection(ProjectConfigurationPlatforms) = postSolution
		{6609A377-B155-436E-9849-4731E34BDDB4}.Debug|Any CPU.ActiveCfg = Debug|Any CPU
		{6609A377-B155-436E-9849-4731E34BDDB4}.Debug|Any CPU.Build.0 = Debug|Any CPU
		{6609A377-B155-436E-9849-4731E34BDDB4}.Release|Any CPU.ActiveCfg = Release|Any CPU
		{6609A377-B155-436E-9849-4731E34BDDB4}.Release|Any CPU.Build.0 = Release|Any CPU
	EndGlobalSection
	GlobalSection(SolutionProperties) = preSolution
		HideSolutionNode = FALSE
	EndGlobalSection
EndGlobal
