
Microsoft Visual Studio Solution File, Format Version 12.00
# Visual Studio 2012
Project("{FAE04EC0-301F-11D3-BF4B-00C04F79EFBC}") = "uygulama 1", "uygulama 1\uygulama 1.csproj", "{9261FCD3-5E00-4FE2-B76E-CD1EB7E6E02E}"
EndProject
Global
	GlobalSection(SolutionConfigurationPlatforms) = preSolution
		Debug|Any CPU = Debug|Any CPU
		Release|Any CPU = Release|Any CPU
	EndGlobalSection
	GlobalSection(ProjectConfigurationPlatforms) = postSolution
		{9261FCD3-5E00-4FE2-B76E-CD1EB7E6E02E}.Debug|Any CPU.ActiveCfg = Debug|Any CPU
		{9261FCD3-5E00-4FE2-B76E-CD1EB7E6E02E}.Debug|Any CPU.Build.0 = Debug|Any CPU
		{9261FCD3-5E00-4FE2-B76E-CD1EB7E6E02E}.Release|Any CPU.ActiveCfg = Release|Any CPU
		{9261FCD3-5E00-4FE2-B76E-CD1EB7E6E02E}.Release|Any CPU.Build.0 = Release|Any CPU
	EndGlobalSection
	GlobalSection(SolutionProperties) = preSolution
		HideSolutionNode = FALSE
	EndGlobalSection
EndGlobal
