
Microsoft Visual Studio Solution File, Format Version 12.00
# Visual Studio 2012
Project("{FAE04EC0-301F-11D3-BF4B-00C04F79EFBC}") = "WindowsFormsApplication8", "WindowsFormsApplication8\WindowsFormsApplication8.csproj", "{D026FFEC-54DF-4D5E-BEB5-A3EFDDB8BF82}"
EndProject
Global
	GlobalSection(SolutionConfigurationPlatforms) = preSolution
		Debug|Any CPU = Debug|Any CPU
		Release|Any CPU = Release|Any CPU
	EndGlobalSection
	GlobalSection(ProjectConfigurationPlatforms) = postSolution
		{D026FFEC-54DF-4D5E-BEB5-A3EFDDB8BF82}.Debug|Any CPU.ActiveCfg = Debug|Any CPU
		{D026FFEC-54DF-4D5E-BEB5-A3EFDDB8BF82}.Debug|Any CPU.Build.0 = Debug|Any CPU
		{D026FFEC-54DF-4D5E-BEB5-A3EFDDB8BF82}.Release|Any CPU.ActiveCfg = Release|Any CPU
		{D026FFEC-54DF-4D5E-BEB5-A3EFDDB8BF82}.Release|Any CPU.Build.0 = Release|Any CPU
	EndGlobalSection
	GlobalSection(SolutionProperties) = preSolution
		HideSolutionNode = FALSE
	EndGlobalSection
EndGlobal
