
Microsoft Visual Studio Solution File, Format Version 12.00
# Visual Studio 2012
Project("{FAE04EC0-301F-11D3-BF4B-00C04F79EFBC}") = "karenin alanı int yerine short", "karenin alanı int yerine short\karenin alanı int yerine short.csproj", "{CC16D0BC-2C3C-4B34-88EC-FA82E77014A4}"
EndProject
Global
	GlobalSection(SolutionConfigurationPlatforms) = preSolution
		Debug|Any CPU = Debug|Any CPU
		Release|Any CPU = Release|Any CPU
	EndGlobalSection
	GlobalSection(ProjectConfigurationPlatforms) = postSolution
		{CC16D0BC-2C3C-4B34-88EC-FA82E77014A4}.Debug|Any CPU.ActiveCfg = Debug|Any CPU
		{CC16D0BC-2C3C-4B34-88EC-FA82E77014A4}.Debug|Any CPU.Build.0 = Debug|Any CPU
		{CC16D0BC-2C3C-4B34-88EC-FA82E77014A4}.Release|Any CPU.ActiveCfg = Release|Any CPU
		{CC16D0BC-2C3C-4B34-88EC-FA82E77014A4}.Release|Any CPU.Build.0 = Release|Any CPU
	EndGlobalSection
	GlobalSection(SolutionProperties) = preSolution
		HideSolutionNode = FALSE
	EndGlobalSection
EndGlobal
