
Microsoft Visual Studio Solution File, Format Version 12.00
# Visual Studio 2012
Project("{FAE04EC0-301F-11D3-BF4B-00C04F79EFBC}") = "5.10.18(Stroke)", "5.10.18(Stroke)\5.10.18(Stroke).csproj", "{C422146E-9D0B-4247-BE65-9962221A7966}"
EndProject
Global
	GlobalSection(SolutionConfigurationPlatforms) = preSolution
		Debug|Any CPU = Debug|Any CPU
		Release|Any CPU = Release|Any CPU
	EndGlobalSection
	GlobalSection(ProjectConfigurationPlatforms) = postSolution
		{C422146E-9D0B-4247-BE65-9962221A7966}.Debug|Any CPU.ActiveCfg = Debug|Any CPU
		{C422146E-9D0B-4247-BE65-9962221A7966}.Debug|Any CPU.Build.0 = Debug|Any CPU
		{C422146E-9D0B-4247-BE65-9962221A7966}.Release|Any CPU.ActiveCfg = Release|Any CPU
		{C422146E-9D0B-4247-BE65-9962221A7966}.Release|Any CPU.Build.0 = Release|Any CPU
	EndGlobalSection
	GlobalSection(SolutionProperties) = preSolution
		HideSolutionNode = FALSE
	EndGlobalSection
EndGlobal
