
Microsoft Visual Studio Solution File, Format Version 12.00
# Visual Studio 2012
Project("{FAE04EC0-301F-11D3-BF4B-00C04F79EFBC}") = "5.10.18(santranç)", "5.10.18(santranç)\5.10.18(santranç).csproj", "{5A3A392F-5959-4E35-9884-0EF494B92A52}"
EndProject
Global
	GlobalSection(SolutionConfigurationPlatforms) = preSolution
		Debug|Any CPU = Debug|Any CPU
		Release|Any CPU = Release|Any CPU
	EndGlobalSection
	GlobalSection(ProjectConfigurationPlatforms) = postSolution
		{5A3A392F-5959-4E35-9884-0EF494B92A52}.Debug|Any CPU.ActiveCfg = Debug|Any CPU
		{5A3A392F-5959-4E35-9884-0EF494B92A52}.Debug|Any CPU.Build.0 = Debug|Any CPU
		{5A3A392F-5959-4E35-9884-0EF494B92A52}.Release|Any CPU.ActiveCfg = Release|Any CPU
		{5A3A392F-5959-4E35-9884-0EF494B92A52}.Release|Any CPU.Build.0 = Release|Any CPU
	EndGlobalSection
	GlobalSection(SolutionProperties) = preSolution
		HideSolutionNode = FALSE
	EndGlobalSection
EndGlobal
