
Microsoft Visual Studio Solution File, Format Version 12.00
# Visual Studio 2012
Project("{FAE04EC0-301F-11D3-BF4B-00C04F79EFBC}") = "ConsoleApplication40", "ConsoleApplication40.csproj", "{477D5397-7B44-4876-A8F8-80B8925E94C2}"
EndProject
Global
	GlobalSection(SolutionConfigurationPlatforms) = preSolution
		Debug|Any CPU = Debug|Any CPU
		Release|Any CPU = Release|Any CPU
	EndGlobalSection
	GlobalSection(ProjectConfigurationPlatforms) = postSolution
		{477D5397-7B44-4876-A8F8-80B8925E94C2}.Debug|Any CPU.ActiveCfg = Debug|Any CPU
		{477D5397-7B44-4876-A8F8-80B8925E94C2}.Debug|Any CPU.Build.0 = Debug|Any CPU
		{477D5397-7B44-4876-A8F8-80B8925E94C2}.Release|Any CPU.ActiveCfg = Release|Any CPU
		{477D5397-7B44-4876-A8F8-80B8925E94C2}.Release|Any CPU.Build.0 = Release|Any CPU
	EndGlobalSection
	GlobalSection(SolutionProperties) = preSolution
		HideSolutionNode = FALSE
	EndGlobalSection
EndGlobal
