
Microsoft Visual Studio Solution File, Format Version 12.00
# Visual Studio 2012
Project("{FAE04EC0-301F-11D3-BF4B-00C04F79EFBC}") = "ConsoleApplication11", "ConsoleApplication11\ConsoleApplication11.csproj", "{F8770D3A-7785-4420-88A2-B00352EE7F1D}"
EndProject
Global
	GlobalSection(SolutionConfigurationPlatforms) = preSolution
		Debug|Any CPU = Debug|Any CPU
		Release|Any CPU = Release|Any CPU
	EndGlobalSection
	GlobalSection(ProjectConfigurationPlatforms) = postSolution
		{F8770D3A-7785-4420-88A2-B00352EE7F1D}.Debug|Any CPU.ActiveCfg = Debug|Any CPU
		{F8770D3A-7785-4420-88A2-B00352EE7F1D}.Debug|Any CPU.Build.0 = Debug|Any CPU
		{F8770D3A-7785-4420-88A2-B00352EE7F1D}.Release|Any CPU.ActiveCfg = Release|Any CPU
		{F8770D3A-7785-4420-88A2-B00352EE7F1D}.Release|Any CPU.Build.0 = Release|Any CPU
	EndGlobalSection
	GlobalSection(SolutionProperties) = preSolution
		HideSolutionNode = FALSE
	EndGlobalSection
EndGlobal
