
Microsoft Visual Studio Solution File, Format Version 12.00
# Visual Studio 2012
Project("{FAE04EC0-301F-11D3-BF4B-00C04F79EFBC}") = "ConsoleApplication45", "ConsoleApplication45.csproj", "{7C64BA4F-F69F-4BE4-B13D-C8CFB7E5CF1D}"
EndProject
Global
	GlobalSection(SolutionConfigurationPlatforms) = preSolution
		Debug|Any CPU = Debug|Any CPU
		Release|Any CPU = Release|Any CPU
	EndGlobalSection
	GlobalSection(ProjectConfigurationPlatforms) = postSolution
		{7C64BA4F-F69F-4BE4-B13D-C8CFB7E5CF1D}.Debug|Any CPU.ActiveCfg = Debug|Any CPU
		{7C64BA4F-F69F-4BE4-B13D-C8CFB7E5CF1D}.Debug|Any CPU.Build.0 = Debug|Any CPU
		{7C64BA4F-F69F-4BE4-B13D-C8CFB7E5CF1D}.Release|Any CPU.ActiveCfg = Release|Any CPU
		{7C64BA4F-F69F-4BE4-B13D-C8CFB7E5CF1D}.Release|Any CPU.Build.0 = Release|Any CPU
	EndGlobalSection
	GlobalSection(SolutionProperties) = preSolution
		HideSolutionNode = FALSE
	EndGlobalSection
EndGlobal
