
Microsoft Visual Studio Solution File, Format Version 12.00
# Visual Studio 2012
Project("{FAE04EC0-301F-11D3-BF4B-00C04F79EFBC}") = "klavyeden_okuma", "klavyeden_okuma.csproj", "{053489FC-7254-4E88-A853-CB2D821E8A88}"
EndProject
Global
	GlobalSection(SolutionConfigurationPlatforms) = preSolution
		Debug|Any CPU = Debug|Any CPU
		Release|Any CPU = Release|Any CPU
	EndGlobalSection
	GlobalSection(ProjectConfigurationPlatforms) = postSolution
		{053489FC-7254-4E88-A853-CB2D821E8A88}.Debug|Any CPU.ActiveCfg = Debug|Any CPU
		{053489FC-7254-4E88-A853-CB2D821E8A88}.Debug|Any CPU.Build.0 = Debug|Any CPU
		{053489FC-7254-4E88-A853-CB2D821E8A88}.Release|Any CPU.ActiveCfg = Release|Any CPU
		{053489FC-7254-4E88-A853-CB2D821E8A88}.Release|Any CPU.Build.0 = Release|Any CPU
	EndGlobalSection
	GlobalSection(SolutionProperties) = preSolution
		HideSolutionNode = FALSE
	EndGlobalSection
EndGlobal
