
Microsoft Visual Studio Solution File, Format Version 12.00
# Visual Studio 2012
Project("{FAE04EC0-301F-11D3-BF4B-00C04F79EFBC}") = "tatürkü 10 defa yazdırma", "tatürkü 10 defa yazdırma\tatürkü 10 defa yazdırma.csproj", "{EBF6F0B3-1FD9-41BD-82B0-BFA9901C0428}"
EndProject
Global
	GlobalSection(SolutionConfigurationPlatforms) = preSolution
		Debug|Any CPU = Debug|Any CPU
		Release|Any CPU = Release|Any CPU
	EndGlobalSection
	GlobalSection(ProjectConfigurationPlatforms) = postSolution
		{EBF6F0B3-1FD9-41BD-82B0-BFA9901C0428}.Debug|Any CPU.ActiveCfg = Debug|Any CPU
		{EBF6F0B3-1FD9-41BD-82B0-BFA9901C0428}.Debug|Any CPU.Build.0 = Debug|Any CPU
		{EBF6F0B3-1FD9-41BD-82B0-BFA9901C0428}.Release|Any CPU.ActiveCfg = Release|Any CPU
		{EBF6F0B3-1FD9-41BD-82B0-BFA9901C0428}.Release|Any CPU.Build.0 = Release|Any CPU
	EndGlobalSection
	GlobalSection(SolutionProperties) = preSolution
		HideSolutionNode = FALSE
	EndGlobalSection
EndGlobal
