
Microsoft Visual Studio Solution File, Format Version 12.00
# Visual Studio 2012
Project("{FAE04EC0-301F-11D3-BF4B-00C04F79EFBC}") = "matris_hsp", "matris_hsp.csproj", "{421091CD-4FA5-4452-8ABE-969BE141DC69}"
EndProject
Global
	GlobalSection(SolutionConfigurationPlatforms) = preSolution
		Debug|Any CPU = Debug|Any CPU
		Release|Any CPU = Release|Any CPU
	EndGlobalSection
	GlobalSection(ProjectConfigurationPlatforms) = postSolution
		{421091CD-4FA5-4452-8ABE-969BE141DC69}.Debug|Any CPU.ActiveCfg = Debug|Any CPU
		{421091CD-4FA5-4452-8ABE-969BE141DC69}.Debug|Any CPU.Build.0 = Debug|Any CPU
		{421091CD-4FA5-4452-8ABE-969BE141DC69}.Release|Any CPU.ActiveCfg = Release|Any CPU
		{421091CD-4FA5-4452-8ABE-969BE141DC69}.Release|Any CPU.Build.0 = Release|Any CPU
	EndGlobalSection
	GlobalSection(SolutionProperties) = preSolution
		HideSolutionNode = FALSE
	EndGlobalSection
EndGlobal
