
Microsoft Visual Studio Solution File, Format Version 12.00
# Visual Studio 2012
Project("{FAE04EC0-301F-11D3-BF4B-00C04F79EFBC}") = "sayi_bulma", "sayi_bulma.csproj", "{1B21AFFE-B758-41C5-A277-B1383E7F7408}"
EndProject
Global
	GlobalSection(SolutionConfigurationPlatforms) = preSolution
		Debug|Any CPU = Debug|Any CPU
		Release|Any CPU = Release|Any CPU
	EndGlobalSection
	GlobalSection(ProjectConfigurationPlatforms) = postSolution
		{1B21AFFE-B758-41C5-A277-B1383E7F7408}.Debug|Any CPU.ActiveCfg = Debug|Any CPU
		{1B21AFFE-B758-41C5-A277-B1383E7F7408}.Debug|Any CPU.Build.0 = Debug|Any CPU
		{1B21AFFE-B758-41C5-A277-B1383E7F7408}.Release|Any CPU.ActiveCfg = Release|Any CPU
		{1B21AFFE-B758-41C5-A277-B1383E7F7408}.Release|Any CPU.Build.0 = Release|Any CPU
	EndGlobalSection
	GlobalSection(SolutionProperties) = preSolution
		HideSolutionNode = FALSE
	EndGlobalSection
EndGlobal
