
Microsoft Visual Studio Solution File, Format Version 12.00
# Visual Studio 2012
Project("{FAE04EC0-301F-11D3-BF4B-00C04F79EFBC}") = "ConsoleApplication14", "ConsoleApplication14\ConsoleApplication14.csproj", "{64D044B0-014E-4DD9-9EEC-616A898B351C}"
EndProject
Global
	GlobalSection(SolutionConfigurationPlatforms) = preSolution
		Debug|Any CPU = Debug|Any CPU
		Release|Any CPU = Release|Any CPU
	EndGlobalSection
	GlobalSection(ProjectConfigurationPlatforms) = postSolution
		{64D044B0-014E-4DD9-9EEC-616A898B351C}.Debug|Any CPU.ActiveCfg = Debug|Any CPU
		{64D044B0-014E-4DD9-9EEC-616A898B351C}.Debug|Any CPU.Build.0 = Debug|Any CPU
		{64D044B0-014E-4DD9-9EEC-616A898B351C}.Release|Any CPU.ActiveCfg = Release|Any CPU
		{64D044B0-014E-4DD9-9EEC-616A898B351C}.Release|Any CPU.Build.0 = Release|Any CPU
	EndGlobalSection
	GlobalSection(SolutionProperties) = preSolution
		HideSolutionNode = FALSE
	EndGlobalSection
EndGlobal
